// !$*UTF8*$!
{
	archiveVersion = 1;
	classes = {
	};
	objectVersion = 46;
	objects = {

/* Begin PBXBuildFile section */
		340DFB9A17A7269C00A0F07A /* UIViewExt.m in Sources */ = {isa = PBXBuildFile; fileRef = 340DFB9917A7269C00A0F07A /* UIViewExt.m */; };
		34E844961790DA76006E9E40 /* UIKit.framework in Frameworks */ = {isa = PBXBuildFile; fileRef = 34E844951790DA76006E9E40 /* UIKit.framework */; };
		34E844981790DA76006E9E40 /* Foundation.framework in Frameworks */ = {isa = PBXBuildFile; fileRef = 34E844971790DA76006E9E40 /* Foundation.framework */; };
		34E8449A1790DA76006E9E40 /* CoreGraphics.framework in Frameworks */ = {isa = PBXBuildFile; fileRef = 34E844991790DA76006E9E40 /* CoreGraphics.framework */; };
		34E844A01790DA76006E9E40 /* InfoPlist.strings in Resources */ = {isa = PBXBuildFile; fileRef = 34E8449E1790DA76006E9E40 /* InfoPlist.strings */; };
		34E844A21790DA76006E9E40 /* main.m in Sources */ = {isa = PBXBuildFile; fileRef = 34E844A11790DA76006E9E40 /* main.m */; };
		34E844A61790DA76006E9E40 /* AppDelegate.m in Sources */ = {isa = PBXBuildFile; fileRef = 34E844A51790DA76006E9E40 /* AppDelegate.m */; };
		34E844AC1790DA76006E9E40 /* Default-568h@2x.png in Resources */ = {isa = PBXBuildFile; fileRef = 34E844AB1790DA76006E9E40 /* Default-568h@2x.png */; };
		34E844AF1790DA76006E9E40 /* MainStoryboard_iPhone.storyboard in Resources */ = {isa = PBXBuildFile; fileRef = 34E844AD1790DA76006E9E40 /* MainStoryboard_iPhone.storyboard */; };
		34E844B21790DA76006E9E40 /* MainStoryboard_iPad.storyboard in Resources */ = {isa = PBXBuildFile; fileRef = 34E844B01790DA76006E9E40 /* MainStoryboard_iPad.storyboard */; };
		34E844B51790DA76006E9E40 /* ViewController.m in Sources */ = {isa = PBXBuildFile; fileRef = 34E844B41790DA76006E9E40 /* ViewController.m */; };
		34E844BC179108D0006E9E40 /* FacebookSDK.framework in Frameworks */ = {isa = PBXBuildFile; fileRef = 34E844BB179108D0006E9E40 /* FacebookSDK.framework */; };
		34E844BE1791093B006E9E40 /* FacebookSDKResources.bundle in Resources */ = {isa = PBXBuildFile; fileRef = 34E844BD1791093B006E9E40 /* FacebookSDKResources.bundle */; };
		34E844C017910978006E9E40 /* FBUserSettingsViewResources.bundle in Resources */ = {isa = PBXBuildFile; fileRef = 34E844BF17910978006E9E40 /* FBUserSettingsViewResources.bundle */; };
		34E844C6179109E4006E9E40 /* Accounts.framework in Frameworks */ = {isa = PBXBuildFile; fileRef = 34E844C1179109E4006E9E40 /* Accounts.framework */; settings = {ATTRIBUTES = (Weak, ); }; };
		34E844C7179109E4006E9E40 /* AdSupport.framework in Frameworks */ = {isa = PBXBuildFile; fileRef = 34E844C2179109E4006E9E40 /* AdSupport.framework */; settings = {ATTRIBUTES = (Weak, ); }; };
		34E844C8179109E4006E9E40 /* libsqlite3.dylib in Frameworks */ = {isa = PBXBuildFile; fileRef = 34E844C3179109E4006E9E40 /* libsqlite3.dylib */; settings = {ATTRIBUTES = (Weak, ); }; };
		34E844C9179109E4006E9E40 /* Security.framework in Frameworks */ = {isa = PBXBuildFile; fileRef = 34E844C4179109E4006E9E40 /* Security.framework */; settings = {ATTRIBUTES = (Weak, ); }; };
		34E844CA179109E4006E9E40 /* Social.framework in Frameworks */ = {isa = PBXBuildFile; fileRef = 34E844C5179109E4006E9E40 /* Social.framework */; settings = {ATTRIBUTES = (Weak, ); }; };
		34E844D017910AC0006E9E40 /* Accounts.framework in Frameworks */ = {isa = PBXBuildFile; fileRef = 34E844CB17910AC0006E9E40 /* Accounts.framework */; };
		34E844D117910AC0006E9E40 /* AdSupport.framework in Frameworks */ = {isa = PBXBuildFile; fileRef = 34E844CC17910AC0006E9E40 /* AdSupport.framework */; };
		34E844D217910AC0006E9E40 /* libsqlite3.dylib in Frameworks */ = {isa = PBXBuildFile; fileRef = 34E844CD17910AC0006E9E40 /* libsqlite3.dylib */; };
		34E844D317910AC0006E9E40 /* Security.framework in Frameworks */ = {isa = PBXBuildFile; fileRef = 34E844CE17910AC0006E9E40 /* Security.framework */; };
		34E844D417910AC0006E9E40 /* Social.framework in Frameworks */ = {isa = PBXBuildFile; fileRef = 34E844CF17910AC0006E9E40 /* Social.framework */; };
		34E844D617919F19006E9E40 /* BoxNWhiskers.png in Resources */ = {isa = PBXBuildFile; fileRef = 34E844D517919F19006E9E40 /* BoxNWhiskers.png */; };
		34E844D81791E6D2006E9E40 /* whatever.png in Resources */ = {isa = PBXBuildFile; fileRef = 34E844D71791E6D2006E9E40 /* whatever.png */; };
		34E844DE17920DF2006E9E40 /* pick-facebook-friends.png in Resources */ = {isa = PBXBuildFile; fileRef = 34E844DD17920DF1006E9E40 /* pick-facebook-friends.png */; };
		34E844E017921065006E9E40 /* matchup.png in Resources */ = {isa = PBXBuildFile; fileRef = 34E844DF17921065006E9E40 /* matchup.png */; };
		34E844E2179210BB006E9E40 /* post-picture.png in Resources */ = {isa = PBXBuildFile; fileRef = 34E844E1179210BB006E9E40 /* post-picture.png */; };
		34E84503179211E7006E9E40 /* glyphicons_002_dog.png in Resources */ = {isa = PBXBuildFile; fileRef = 34E844E4179211E7006E9E40 /* glyphicons_002_dog.png */; };
		34E84504179211E7006E9E40 /* glyphicons_076_headphones.png in Resources */ = {isa = PBXBuildFile; fileRef = 34E844E5179211E7006E9E40 /* glyphicons_076_headphones.png */; };
		34E84505179211E7006E9E40 /* glyphicons_250_snorkel_diving.png in Resources */ = {isa = PBXBuildFile; fileRef = 34E844E6179211E7006E9E40 /* glyphicons_250_snorkel_diving.png */; };
		34E84506179211E7006E9E40 /* glyphicons_254_fishes.png in Resources */ = {isa = PBXBuildFile; fileRef = 34E844E7179211E7006E9E40 /* glyphicons_254_fishes.png */; };
		34E84507179211E7006E9E40 /* glyphicons_272_cake.png in Resources */ = {isa = PBXBuildFile; fileRef = 34E844E8179211E7006E9E40 /* glyphicons_272_cake.png */; };
		34E84508179211E7006E9E40 /* glyphicons_306_bicycle.png in Resources */ = {isa = PBXBuildFile; fileRef = 34E844E9179211E7006E9E40 /* glyphicons_306_bicycle.png */; };
		34E84509179211E7006E9E40 /* glyphicons_343_thumbs_up.png in Resources */ = {isa = PBXBuildFile; fileRef = 34E844EA179211E7006E9E40 /* glyphicons_343_thumbs_up.png */; };
		34E8450A179211E7006E9E40 /* glyphicons_356_dumbbell.png in Resources */ = {isa = PBXBuildFile; fileRef = 34E844EB179211E7006E9E40 /* glyphicons_356_dumbbell.png */; };
		34E8450B179211E7006E9E40 /* glyphicons_380_pinterest.png in Resources */ = {isa = PBXBuildFile; fileRef = 34E844EC179211E7006E9E40 /* glyphicons_380_pinterest.png */; };
		34E8450C179211E7006E9E40 /* glyphicons_388_tumblr.png in Resources */ = {isa = PBXBuildFile; fileRef = 34E844ED179211E7006E9E40 /* glyphicons_388_tumblr.png */; };
		34E8450D179211E7006E9E40 /* glyphicons_408_stumbleupon.png in Resources */ = {isa = PBXBuildFile; fileRef = 34E844EE179211E7006E9E40 /* glyphicons_408_stumbleupon.png */; };
		34E8450E179211E7006E9E40 /* glyphicons_410_facebook.png in Resources */ = {isa = PBXBuildFile; fileRef = 34E844EF179211E7006E9E40 /* glyphicons_410_facebook.png */; };
		34E8450F179211E7006E9E40 /* glyphicons_411_twitter.png in Resources */ = {isa = PBXBuildFile; fileRef = 34E844F0179211E7006E9E40 /* glyphicons_411_twitter.png */; };
		34E84510179211E7006E9E40 /* glyphicons_412_instagram.png in Resources */ = {isa = PBXBuildFile; fileRef = 34E844F1179211E7006E9E40 /* glyphicons_412_instagram.png */; };
		34E84511179211E7006E9E40 /* glyphicons_418_skype.png in Resources */ = {isa = PBXBuildFile; fileRef = 34E844F2179211E7006E9E40 /* glyphicons_418_skype.png */; };
		34E84512179211E7006E9E40 /* glyphicons_419_e-mail.png in Resources */ = {isa = PBXBuildFile; fileRef = 34E844F3179211E7006E9E40 /* glyphicons_419_e-mail.png */; };
		34E84513179211E7006E9E40 /* 144-martini.png in Resources */ = {isa = PBXBuildFile; fileRef = 34E844F4179211E7006E9E40 /* 144-martini.png */; };
		34E84514179211E7006E9E40 /* 96-book.png in Resources */ = {isa = PBXBuildFile; fileRef = 34E844F5179211E7006E9E40 /* 96-book.png */; };
		34E84515179211E7006E9E40 /* 98-palette.png in Resources */ = {isa = PBXBuildFile; fileRef = 34E844F6179211E7006E9E40 /* 98-palette.png */; };
		34E84517179211E7006E9E40 /* 82-dog-paw.png in Resources */ = {isa = PBXBuildFile; fileRef = 34E844F8179211E7006E9E40 /* 82-dog-paw.png */; };
		34E84518179211E7006E9E40 /* 86-camera.png in Resources */ = {isa = PBXBuildFile; fileRef = 34E844F9179211E7006E9E40 /* 86-camera.png */; };
		34E84519179211E7006E9E40 /* 63-runner.png in Resources */ = {isa = PBXBuildFile; fileRef = 34E844FA179211E7006E9E40 /* 63-runner.png */; };
		34E8451A179211E7006E9E40 /* 65-note.png in Resources */ = {isa = PBXBuildFile; fileRef = 34E844FB179211E7006E9E40 /* 65-note.png */; };
		34E8451B179211E7006E9E40 /* 45-movie-1.png in Resources */ = {isa = PBXBuildFile; fileRef = 34E844FC179211E7006E9E40 /* 45-movie-1.png */; };
		34E8451C179211E7006E9E40 /* 34-coffee.png in Resources */ = {isa = PBXBuildFile; fileRef = 34E844FD179211E7006E9E40 /* 34-coffee.png */; };
		34E8451D179211E7006E9E40 /* 29-heart.png in Resources */ = {isa = PBXBuildFile; fileRef = 34E844FE179211E7006E9E40 /* 29-heart.png */; };
		34E8451E179211E7006E9E40 /* 130-dice.png in Resources */ = {isa = PBXBuildFile; fileRef = 34E844FF179211E7006E9E40 /* 130-dice.png */; };
		34E8451F179211E7006E9E40 /* 116-controller.png in Resources */ = {isa = PBXBuildFile; fileRef = 34E84500179211E7006E9E40 /* 116-controller.png */; };
		34E84520179211E7006E9E40 /* 109-chicken.png in Resources */ = {isa = PBXBuildFile; fileRef = 34E84501179211E7006E9E40 /* 109-chicken.png */; };
		34E84521179211E7006E9E40 /* 102-walk.png in Resources */ = {isa = PBXBuildFile; fileRef = 34E84502179211E7006E9E40 /* 102-walk.png */; };
		34E8452417921245006E9E40 /* SelectMatchViewController.m in Sources */ = {isa = PBXBuildFile; fileRef = 34E8452317921244006E9E40 /* SelectMatchViewController.m */; };
		34E8452A17922080006E9E40 /* ok.png in Resources */ = {isa = PBXBuildFile; fileRef = 34E845291792207F006E9E40 /* ok.png */; };
		34E8452C17924ABD006E9E40 /* question_mark.png in Resources */ = {isa = PBXBuildFile; fileRef = 34E8452B17924ABD006E9E40 /* question_mark.png */; };
		34E8452E179313A1006E9E40 /* daniel-gwendolyn-at-iosdevcamp-2013.png in Resources */ = {isa = PBXBuildFile; fileRef = 34E8452D179313A0006E9E40 /* daniel-gwendolyn-at-iosdevcamp-2013.png */; };
		34E8453017931688006E9E40 /* iosdevcamp2913-logo.png in Resources */ = {isa = PBXBuildFile; fileRef = 34E8452F17931687006E9E40 /* iosdevcamp2913-logo.png */; };
		34E84532179319F4006E9E40 /* orwhatever-app-icon-57.png in Resources */ = {isa = PBXBuildFile; fileRef = 34E84531179319F3006E9E40 /* orwhatever-app-icon-57.png */; };
		34E84534179319FE006E9E40 /* orwhatever-app-icon.png in Resources */ = {isa = PBXBuildFile; fileRef = 34E84533179319FE006E9E40 /* orwhatever-app-icon.png */; };
		34E8453617931B70006E9E40 /* Default-568h@2x.png in Resources */ = {isa = PBXBuildFile; fileRef = 34E8453517931B70006E9E40 /* Default-568h@2x.png */; };
		34E8453B17931FBB006E9E40 /* Default.png in Resources */ = {isa = PBXBuildFile; fileRef = 34E8453A17931FBB006E9E40 /* Default.png */; };
		34E8453E1793288F006E9E40 /* InfoViewController.m in Sources */ = {isa = PBXBuildFile; fileRef = 34E8453D1793288E006E9E40 /* InfoViewController.m */; };
		34E8454217932DA4006E9E40 /* mands-96-logo.png in Resources */ = {isa = PBXBuildFile; fileRef = 34E8454117932DA2006E9E40 /* mands-96-logo.png */; };
		34E8454617933923006E9E40 /* Default.png in Resources */ = {isa = PBXBuildFile; fileRef = 34E8454417933920006E9E40 /* Default.png */; };
		34E8454717933923006E9E40 /* Default@2x.png in Resources */ = {isa = PBXBuildFile; fileRef = 34E8454517933921006E9E40 /* Default@2x.png */; };
/* End PBXBuildFile section */

/* Begin PBXFileReference section */
		340DFB9817A7269C00A0F07A /* UIViewExt.h */ = {isa = PBXFileReference; fileEncoding = 4; lastKnownFileType = sourcecode.c.h; path = UIViewExt.h; sourceTree = "<group>"; };
		340DFB9917A7269C00A0F07A /* UIViewExt.m */ = {isa = PBXFileReference; fileEncoding = 4; lastKnownFileType = sourcecode.c.objc; path = UIViewExt.m; sourceTree = "<group>"; };
		34E844921790DA76006E9E40 /* orwhatever.app */ = {isa = PBXFileReference; explicitFileType = wrapper.application; includeInIndex = 0; path = orwhatever.app; sourceTree = BUILT_PRODUCTS_DIR; };
		34E844951790DA76006E9E40 /* UIKit.framework */ = {isa = PBXFileReference; lastKnownFileType = wrapper.framework; name = UIKit.framework; path = System/Library/Frameworks/UIKit.framework; sourceTree = SDKROOT; };
		34E844971790DA76006E9E40 /* Foundation.framework */ = {isa = PBXFileReference; lastKnownFileType = wrapper.framework; name = Foundation.framework; path = System/Library/Frameworks/Foundation.framework; sourceTree = SDKROOT; };
		34E844991790DA76006E9E40 /* CoreGraphics.framework */ = {isa = PBXFileReference; lastKnownFileType = wrapper.framework; name = CoreGraphics.framework; path = System/Library/Frameworks/CoreGraphics.framework; sourceTree = SDKROOT; };
		34E8449D1790DA76006E9E40 /* orwhatever-Info.plist */ = {isa = PBXFileReference; lastKnownFileType = text.plist.xml; path = "orwhatever-Info.plist"; sourceTree = "<group>"; };
		34E8449F1790DA76006E9E40 /* en */ = {isa = PBXFileReference; lastKnownFileType = text.plist.strings; name = en; path = en.lproj/InfoPlist.strings; sourceTree = "<group>"; };
		34E844A11790DA76006E9E40 /* main.m */ = {isa = PBXFileReference; lastKnownFileType = sourcecode.c.objc; path = main.m; sourceTree = "<group>"; };
		34E844A31790DA76006E9E40 /* orwhatever-Prefix.pch */ = {isa = PBXFileReference; lastKnownFileType = sourcecode.c.h; path = "orwhatever-Prefix.pch"; sourceTree = "<group>"; };
		34E844A41790DA76006E9E40 /* AppDelegate.h */ = {isa = PBXFileReference; lastKnownFileType = sourcecode.c.h; path = AppDelegate.h; sourceTree = "<group>"; };
		34E844A51790DA76006E9E40 /* AppDelegate.m */ = {isa = PBXFileReference; lastKnownFileType = sourcecode.c.objc; path = AppDelegate.m; sourceTree = "<group>"; };
		34E844AB1790DA76006E9E40 /* Default-568h@2x.png */ = {isa = PBXFileReference; lastKnownFileType = image.png; path = "Default-568h@2x.png"; sourceTree = "<group>"; };
		34E844AE1790DA76006E9E40 /* en */ = {isa = PBXFileReference; lastKnownFileType = file.storyboard; name = en; path = en.lproj/MainStoryboard_iPhone.storyboard; sourceTree = "<group>"; };
		34E844B11790DA76006E9E40 /* en */ = {isa = PBXFileReference; lastKnownFileType = file.storyboard; name = en; path = en.lproj/MainStoryboard_iPad.storyboard; sourceTree = "<group>"; };
		34E844B31790DA76006E9E40 /* ViewController.h */ = {isa = PBXFileReference; lastKnownFileType = sourcecode.c.h; path = ViewController.h; sourceTree = "<group>"; };
		34E844B41790DA76006E9E40 /* ViewController.m */ = {isa = PBXFileReference; lastKnownFileType = sourcecode.c.objc; path = ViewController.m; sourceTree = "<group>"; };
		34E844BB179108D0006E9E40 /* FacebookSDK.framework */ = {isa = PBXFileReference; lastKnownFileType = wrapper.framework; name = FacebookSDK.framework; path = ../../../Documents/FacebookSDK/FacebookSDK.framework; sourceTree = "<group>"; };
		34E844BD1791093B006E9E40 /* FacebookSDKResources.bundle */ = {isa = PBXFileReference; lastKnownFileType = "wrapper.plug-in"; name = FacebookSDKResources.bundle; path = ../../../Documents/FacebookSDK/FacebookSDK.framework/Versions/A/Resources/FacebookSDKResources.bundle; sourceTree = "<group>"; };
		34E844BF17910978006E9E40 /* FBUserSettingsViewResources.bundle */ = {isa = PBXFileReference; lastKnownFileType = "wrapper.plug-in"; name = FBUserSettingsViewResources.bundle; path = ../../../Documents/FacebookSDK/FacebookSDK.framework/Versions/A/Resources/FBUserSettingsViewResources.bundle; sourceTree = "<group>"; };
		34E844C1179109E4006E9E40 /* Accounts.framework */ = {isa = PBXFileReference; lastKnownFileType = wrapper.framework; name = Accounts.framework; path = System/Library/Frameworks/Accounts.framework; sourceTree = SDKROOT; };
		34E844C2179109E4006E9E40 /* AdSupport.framework */ = {isa = PBXFileReference; lastKnownFileType = wrapper.framework; name = AdSupport.framework; path = System/Library/Frameworks/AdSupport.framework; sourceTree = SDKROOT; };
		34E844C3179109E4006E9E40 /* libsqlite3.dylib */ = {isa = PBXFileReference; lastKnownFileType = "compiled.mach-o.dylib"; name = libsqlite3.dylib; path = usr/lib/libsqlite3.dylib; sourceTree = SDKROOT; };
		34E844C4179109E4006E9E40 /* Security.framework */ = {isa = PBXFileReference; lastKnownFileType = wrapper.framework; name = Security.framework; path = System/Library/Frameworks/Security.framework; sourceTree = SDKROOT; };
		34E844C5179109E4006E9E40 /* Social.framework */ = {isa = PBXFileReference; lastKnownFileType = wrapper.framework; name = Social.framework; path = System/Library/Frameworks/Social.framework; sourceTree = SDKROOT; };
		34E844CB17910AC0006E9E40 /* Accounts.framework */ = {isa = PBXFileReference; lastKnownFileType = wrapper.framework; name = Accounts.framework; path = System/Library/Frameworks/Accounts.framework; sourceTree = SDKROOT; };
		34E844CC17910AC0006E9E40 /* AdSupport.framework */ = {isa = PBXFileReference; lastKnownFileType = wrapper.framework; name = AdSupport.framework; path = System/Library/Frameworks/AdSupport.framework; sourceTree = SDKROOT; };
		34E844CD17910AC0006E9E40 /* libsqlite3.dylib */ = {isa = PBXFileReference; lastKnownFileType = "compiled.mach-o.dylib"; name = libsqlite3.dylib; path = usr/lib/libsqlite3.dylib; sourceTree = SDKROOT; };
		34E844CE17910AC0006E9E40 /* Security.framework */ = {isa = PBXFileReference; lastKnownFileType = wrapper.framework; name = Security.framework; path = System/Library/Frameworks/Security.framework; sourceTree = SDKROOT; };
		34E844CF17910AC0006E9E40 /* Social.framework */ = {isa = PBXFileReference; lastKnownFileType = wrapper.framework; name = Social.framework; path = System/Library/Frameworks/Social.framework; sourceTree = SDKROOT; };
		34E844D517919F19006E9E40 /* BoxNWhiskers.png */ = {isa = PBXFileReference; lastKnownFileType = image.png; path = BoxNWhiskers.png; sourceTree = "<group>"; };
		34E844D71791E6D2006E9E40 /* whatever.png */ = {isa = PBXFileReference; lastKnownFileType = image.png; path = whatever.png; sourceTree = "<group>"; };
		34E844DD17920DF1006E9E40 /* pick-facebook-friends.png */ = {isa = PBXFileReference; lastKnownFileType = image.png; path = "pick-facebook-friends.png"; sourceTree = "<group>"; };
		34E844DF17921065006E9E40 /* matchup.png */ = {isa = PBXFileReference; lastKnownFileType = image.png; path = matchup.png; sourceTree = "<group>"; };
		34E844E1179210BB006E9E40 /* post-picture.png */ = {isa = PBXFileReference; lastKnownFileType = image.png; path = "post-picture.png"; sourceTree = "<group>"; };
		34E844E4179211E7006E9E40 /* glyphicons_002_dog.png */ = {isa = PBXFileReference; lastKnownFileType = image.png; path = glyphicons_002_dog.png; sourceTree = "<group>"; };
		34E844E5179211E7006E9E40 /* glyphicons_076_headphones.png */ = {isa = PBXFileReference; lastKnownFileType = image.png; path = glyphicons_076_headphones.png; sourceTree = "<group>"; };
		34E844E6179211E7006E9E40 /* glyphicons_250_snorkel_diving.png */ = {isa = PBXFileReference; lastKnownFileType = image.png; path = glyphicons_250_snorkel_diving.png; sourceTree = "<group>"; };
		34E844E7179211E7006E9E40 /* glyphicons_254_fishes.png */ = {isa = PBXFileReference; lastKnownFileType = image.png; path = glyphicons_254_fishes.png; sourceTree = "<group>"; };
		34E844E8179211E7006E9E40 /* glyphicons_272_cake.png */ = {isa = PBXFileReference; lastKnownFileType = image.png; path = glyphicons_272_cake.png; sourceTree = "<group>"; };
		34E844E9179211E7006E9E40 /* glyphicons_306_bicycle.png */ = {isa = PBXFileReference; lastKnownFileType = image.png; path = glyphicons_306_bicycle.png; sourceTree = "<group>"; };
		34E844EA179211E7006E9E40 /* glyphicons_343_thumbs_up.png */ = {isa = PBXFileReference; lastKnownFileType = image.png; path = glyphicons_343_thumbs_up.png; sourceTree = "<group>"; };
		34E844EB179211E7006E9E40 /* glyphicons_356_dumbbell.png */ = {isa = PBXFileReference; lastKnownFileType = image.png; path = glyphicons_356_dumbbell.png; sourceTree = "<group>"; };
		34E844EC179211E7006E9E40 /* glyphicons_380_pinterest.png */ = {isa = PBXFileReference; lastKnownFileType = image.png; path = glyphicons_380_pinterest.png; sourceTree = "<group>"; };
		34E844ED179211E7006E9E40 /* glyphicons_388_tumblr.png */ = {isa = PBXFileReference; lastKnownFileType = image.png; path = glyphicons_388_tumblr.png; sourceTree = "<group>"; };
		34E844EE179211E7006E9E40 /* glyphicons_408_stumbleupon.png */ = {isa = PBXFileReference; lastKnownFileType = image.png; path = glyphicons_408_stumbleupon.png; sourceTree = "<group>"; };
		34E844EF179211E7006E9E40 /* glyphicons_410_facebook.png */ = {isa = PBXFileReference; lastKnownFileType = image.png; path = glyphicons_410_facebook.png; sourceTree = "<group>"; };
		34E844F0179211E7006E9E40 /* glyphicons_411_twitter.png */ = {isa = PBXFileReference; lastKnownFileType = image.png; path = glyphicons_411_twitter.png; sourceTree = "<group>"; };
		34E844F1179211E7006E9E40 /* glyphicons_412_instagram.png */ = {isa = PBXFileReference; lastKnownFileType = image.png; path = glyphicons_412_instagram.png; sourceTree = "<group>"; };
		34E844F2179211E7006E9E40 /* glyphicons_418_skype.png */ = {isa = PBXFileReference; lastKnownFileType = image.png; path = glyphicons_418_skype.png; sourceTree = "<group>"; };
		34E844F3179211E7006E9E40 /* glyphicons_419_e-mail.png */ = {isa = PBXFileReference; lastKnownFileType = image.png; path = "glyphicons_419_e-mail.png"; sourceTree = "<group>"; };
		34E844F4179211E7006E9E40 /* 144-martini.png */ = {isa = PBXFileReference; lastKnownFileType = image.png; path = "144-martini.png"; sourceTree = "<group>"; };
		34E844F5179211E7006E9E40 /* 96-book.png */ = {isa = PBXFileReference; lastKnownFileType = image.png; path = "96-book.png"; sourceTree = "<group>"; };
		34E844F6179211E7006E9E40 /* 98-palette.png */ = {isa = PBXFileReference; lastKnownFileType = image.png; path = "98-palette.png"; sourceTree = "<group>"; };
		34E844F8179211E7006E9E40 /* 82-dog-paw.png */ = {isa = PBXFileReference; lastKnownFileType = image.png; path = "82-dog-paw.png"; sourceTree = "<group>"; };
		34E844F9179211E7006E9E40 /* 86-camera.png */ = {isa = PBXFileReference; lastKnownFileType = image.png; path = "86-camera.png"; sourceTree = "<group>"; };
		34E844FA179211E7006E9E40 /* 63-runner.png */ = {isa = PBXFileReference; lastKnownFileType = image.png; path = "63-runner.png"; sourceTree = "<group>"; };
		34E844FB179211E7006E9E40 /* 65-note.png */ = {isa = PBXFileReference; lastKnownFileType = image.png; path = "65-note.png"; sourceTree = "<group>"; };
		34E844FC179211E7006E9E40 /* 45-movie-1.png */ = {isa = PBXFileReference; lastKnownFileType = image.png; path = "45-movie-1.png"; sourceTree = "<group>"; };
		34E844FD179211E7006E9E40 /* 34-coffee.png */ = {isa = PBXFileReference; lastKnownFileType = image.png; path = "34-coffee.png"; sourceTree = "<group>"; };
		34E844FE179211E7006E9E40 /* 29-heart.png */ = {isa = PBXFileReference; lastKnownFileType = image.png; path = "29-heart.png"; sourceTree = "<group>"; };
		34E844FF179211E7006E9E40 /* 130-dice.png */ = {isa = PBXFileReference; lastKnownFileType = image.png; path = "130-dice.png"; sourceTree = "<group>"; };
		34E84500179211E7006E9E40 /* 116-controller.png */ = {isa = PBXFileReference; lastKnownFileType = image.png; path = "116-controller.png"; sourceTree = "<group>"; };
		34E84501179211E7006E9E40 /* 109-chicken.png */ = {isa = PBXFileReference; lastKnownFileType = image.png; path = "109-chicken.png"; sourceTree = "<group>"; };
		34E84502179211E7006E9E40 /* 102-walk.png */ = {isa = PBXFileReference; lastKnownFileType = image.png; path = "102-walk.png"; sourceTree = "<group>"; };
		34E8452217921244006E9E40 /* SelectMatchViewController.h */ = {isa = PBXFileReference; fileEncoding = 4; lastKnownFileType = sourcecode.c.h; path = SelectMatchViewController.h; sourceTree = "<group>"; };
		34E8452317921244006E9E40 /* SelectMatchViewController.m */ = {isa = PBXFileReference; fileEncoding = 4; lastKnownFileType = sourcecode.c.objc; path = SelectMatchViewController.m; sourceTree = "<group>"; };
		34E845291792207F006E9E40 /* ok.png */ = {isa = PBXFileReference; lastKnownFileType = image.png; path = ok.png; sourceTree = "<group>"; };
		34E8452B17924ABD006E9E40 /* question_mark.png */ = {isa = PBXFileReference; lastKnownFileType = image.png; path = question_mark.png; sourceTree = "<group>"; };
		34E8452D179313A0006E9E40 /* daniel-gwendolyn-at-iosdevcamp-2013.png */ = {isa = PBXFileReference; lastKnownFileType = image.png; path = "daniel-gwendolyn-at-iosdevcamp-2013.png"; sourceTree = "<group>"; };
		34E8452F17931687006E9E40 /* iosdevcamp2913-logo.png */ = {isa = PBXFileReference; lastKnownFileType = image.png; path = "iosdevcamp2913-logo.png"; sourceTree = "<group>"; };
		34E84531179319F3006E9E40 /* orwhatever-app-icon-57.png */ = {isa = PBXFileReference; lastKnownFileType = image.png; path = "orwhatever-app-icon-57.png"; sourceTree = "<group>"; };
		34E84533179319FE006E9E40 /* orwhatever-app-icon.png */ = {isa = PBXFileReference; lastKnownFileType = image.png; path = "orwhatever-app-icon.png"; sourceTree = "<group>"; };
		34E8453517931B70006E9E40 /* Default-568h@2x.png */ = {isa = PBXFileReference; lastKnownFileType = image.png; path = "Default-568h@2x.png"; sourceTree = "<group>"; };
		34E8453717931CCB006E9E40 /* Default@2x.png */ = {isa = PBXFileReference; lastKnownFileType = image.png; path = "Default@2x.png"; sourceTree = "<group>"; };
		34E8453A17931FBB006E9E40 /* Default.png */ = {isa = PBXFileReference; lastKnownFileType = image.png; path = Default.png; sourceTree = "<group>"; };
		34E8453C1793288D006E9E40 /* InfoViewController.h */ = {isa = PBXFileReference; fileEncoding = 4; lastKnownFileType = sourcecode.c.h; path = InfoViewController.h; sourceTree = "<group>"; };
		34E8453D1793288E006E9E40 /* InfoViewController.m */ = {isa = PBXFileReference; fileEncoding = 4; lastKnownFileType = sourcecode.c.objc; path = InfoViewController.m; sourceTree = "<group>"; };
		34E8454117932DA2006E9E40 /* mands-96-logo.png */ = {isa = PBXFileReference; lastKnownFileType = image.png; path = "mands-96-logo.png"; sourceTree = "<group>"; };
		34E8454417933920006E9E40 /* Default.png */ = {isa = PBXFileReference; lastKnownFileType = image.png; path = Default.png; sourceTree = "<group>"; };
		34E8454517933921006E9E40 /* Default@2x.png */ = {isa = PBXFileReference; lastKnownFileType = image.png; path = "Default@2x.png"; sourceTree = "<group>"; };
/* End PBXFileReference section */

/* Begin PBXFrameworksBuildPhase section */
		34E8448F1790DA76006E9E40 /* Frameworks */ = {
			isa = PBXFrameworksBuildPhase;
			buildActionMask = 2147483647;
			files = (
				34E8449A1790DA76006E9E40 /* CoreGraphics.framework in Frameworks */,
				34E844C6179109E4006E9E40 /* Accounts.framework in Frameworks */,
				34E844C7179109E4006E9E40 /* AdSupport.framework in Frameworks */,
				34E844C8179109E4006E9E40 /* libsqlite3.dylib in Frameworks */,
				34E844C9179109E4006E9E40 /* Security.framework in Frameworks */,
				34E844CA179109E4006E9E40 /* Social.framework in Frameworks */,
				34E844961790DA76006E9E40 /* UIKit.framework in Frameworks */,
				34E844981790DA76006E9E40 /* Foundation.framework in Frameworks */,
				34E844BC179108D0006E9E40 /* FacebookSDK.framework in Frameworks */,
				34E844D017910AC0006E9E40 /* Accounts.framework in Frameworks */,
				34E844D117910AC0006E9E40 /* AdSupport.framework in Frameworks */,
				34E844D217910AC0006E9E40 /* libsqlite3.dylib in Frameworks */,
				34E844D317910AC0006E9E40 /* Security.framework in Frameworks */,
				34E844D417910AC0006E9E40 /* Social.framework in Frameworks */,
			);
			runOnlyForDeploymentPostprocessing = 0;
		};
/* End PBXFrameworksBuildPhase section */

/* Begin PBXGroup section */
		34E844891790DA76006E9E40 = {
			isa = PBXGroup;
			children = (
				34E8453A17931FBB006E9E40 /* Default.png */,
				34E8453717931CCB006E9E40 /* Default@2x.png */,
				34E8453517931B70006E9E40 /* Default-568h@2x.png */,
				34E84533179319FE006E9E40 /* orwhatever-app-icon.png */,
				34E84531179319F3006E9E40 /* orwhatever-app-icon-57.png */,
				34E844C1179109E4006E9E40 /* Accounts.framework */,
				34E844C2179109E4006E9E40 /* AdSupport.framework */,
				34E844C3179109E4006E9E40 /* libsqlite3.dylib */,
				34E844C4179109E4006E9E40 /* Security.framework */,
				34E844C5179109E4006E9E40 /* Social.framework */,
				34E8449B1790DA76006E9E40 /* orwhatever */,
				34E844941790DA76006E9E40 /* Frameworks */,
				34E844931790DA76006E9E40 /* Products */,
			);
			sourceTree = "<group>";
		};
		34E844931790DA76006E9E40 /* Products */ = {
			isa = PBXGroup;
			children = (
				34E844921790DA76006E9E40 /* orwhatever.app */,
			);
			name = Products;
			sourceTree = "<group>";
		};
		34E844941790DA76006E9E40 /* Frameworks */ = {
			isa = PBXGroup;
			children = (
				34E844CB17910AC0006E9E40 /* Accounts.framework */,
				34E844CC17910AC0006E9E40 /* AdSupport.framework */,
				34E844CD17910AC0006E9E40 /* libsqlite3.dylib */,
				34E844CE17910AC0006E9E40 /* Security.framework */,
				34E844CF17910AC0006E9E40 /* Social.framework */,
				34E844BF17910978006E9E40 /* FBUserSettingsViewResources.bundle */,
				34E844BD1791093B006E9E40 /* FacebookSDKResources.bundle */,
				34E844BB179108D0006E9E40 /* FacebookSDK.framework */,
				34E844951790DA76006E9E40 /* UIKit.framework */,
				34E844971790DA76006E9E40 /* Foundation.framework */,
				34E844991790DA76006E9E40 /* CoreGraphics.framework */,
			);
			name = Frameworks;
			sourceTree = "<group>";
		};
		34E8449B1790DA76006E9E40 /* orwhatever */ = {
			isa = PBXGroup;
			children = (
				34E8454117932DA2006E9E40 /* mands-96-logo.png */,
				34E844A41790DA76006E9E40 /* AppDelegate.h */,
				34E844A51790DA76006E9E40 /* AppDelegate.m */,
				34E8453C1793288D006E9E40 /* InfoViewController.h */,
				34E8453D1793288E006E9E40 /* InfoViewController.m */,
				34E844AD1790DA76006E9E40 /* MainStoryboard_iPhone.storyboard */,
				34E844B01790DA76006E9E40 /* MainStoryboard_iPad.storyboard */,
				34E844B31790DA76006E9E40 /* ViewController.h */,
				34E844B41790DA76006E9E40 /* ViewController.m */,
				340DFB9817A7269C00A0F07A /* UIViewExt.h */,
				340DFB9917A7269C00A0F07A /* UIViewExt.m */,
				34E8452217921244006E9E40 /* SelectMatchViewController.h */,
				34E8452317921244006E9E40 /* SelectMatchViewController.m */,
				34E8449C1790DA76006E9E40 /* Supporting Files */,
			);
			path = orwhatever;
			sourceTree = "<group>";
		};
		34E8449C1790DA76006E9E40 /* Supporting Files */ = {
			isa = PBXGroup;
			children = (
				34E8454417933920006E9E40 /* Default.png */,
				34E8454517933921006E9E40 /* Default@2x.png */,
				34E8452F17931687006E9E40 /* iosdevcamp2913-logo.png */,
				34E8452D179313A0006E9E40 /* daniel-gwendolyn-at-iosdevcamp-2013.png */,
				34E845291792207F006E9E40 /* ok.png */,
				34E844E31792115C006E9E40 /* match-icons */,
				34E844E1179210BB006E9E40 /* post-picture.png */,
				34E844DF17921065006E9E40 /* matchup.png */,
				34E844DD17920DF1006E9E40 /* pick-facebook-friends.png */,
				34E844D71791E6D2006E9E40 /* whatever.png */,
				34E844D517919F19006E9E40 /* BoxNWhiskers.png */,
				34E8449D1790DA76006E9E40 /* orwhatever-Info.plist */,
				34E8449E1790DA76006E9E40 /* InfoPlist.strings */,
				34E844A11790DA76006E9E40 /* main.m */,
				34E844A31790DA76006E9E40 /* orwhatever-Prefix.pch */,
				34E844AB1790DA76006E9E40 /* Default-568h@2x.png */,
			);
			name = "Supporting Files";
			sourceTree = "<group>";
		};
		34E844E31792115C006E9E40 /* match-icons */ = {
			isa = PBXGroup;
			children = (
				34E8452B17924ABD006E9E40 /* question_mark.png */,
				34E844E4179211E7006E9E40 /* glyphicons_002_dog.png */,
				34E844E5179211E7006E9E40 /* glyphicons_076_headphones.png */,
				34E844E6179211E7006E9E40 /* glyphicons_250_snorkel_diving.png */,
				34E844E7179211E7006E9E40 /* glyphicons_254_fishes.png */,
				34E844E8179211E7006E9E40 /* glyphicons_272_cake.png */,
				34E844E9179211E7006E9E40 /* glyphicons_306_bicycle.png */,
				34E844EA179211E7006E9E40 /* glyphicons_343_thumbs_up.png */,
				34E844EB179211E7006E9E40 /* glyphicons_356_dumbbell.png */,
				34E844EC179211E7006E9E40 /* glyphicons_380_pinterest.png */,
				34E844ED179211E7006E9E40 /* glyphicons_388_tumblr.png */,
				34E844EE179211E7006E9E40 /* glyphicons_408_stumbleupon.png */,
				34E844EF179211E7006E9E40 /* glyphicons_410_facebook.png */,
				34E844F0179211E7006E9E40 /* glyphicons_411_twitter.png */,
				34E844F1179211E7006E9E40 /* glyphicons_412_instagram.png */,
				34E844F2179211E7006E9E40 /* glyphicons_418_skype.png */,
				34E844F3179211E7006E9E40 /* glyphicons_419_e-mail.png */,
				34E844F4179211E7006E9E40 /* 144-martini.png */,
				34E844F5179211E7006E9E40 /* 96-book.png */,
				34E844F6179211E7006E9E40 /* 98-palette.png */,
				34E844F8179211E7006E9E40 /* 82-dog-paw.png */,
				34E844F9179211E7006E9E40 /* 86-camera.png */,
				34E844FA179211E7006E9E40 /* 63-runner.png */,
				34E844FB179211E7006E9E40 /* 65-note.png */,
				34E844FC179211E7006E9E40 /* 45-movie-1.png */,
				34E844FD179211E7006E9E40 /* 34-coffee.png */,
				34E844FE179211E7006E9E40 /* 29-heart.png */,
				34E844FF179211E7006E9E40 /* 130-dice.png */,
				34E84500179211E7006E9E40 /* 116-controller.png */,
				34E84501179211E7006E9E40 /* 109-chicken.png */,
				34E84502179211E7006E9E40 /* 102-walk.png */,
			);
			name = "match-icons";
			sourceTree = "<group>";
		};
/* End PBXGroup section */

/* Begin PBXNativeTarget section */
		34E844911790DA76006E9E40 /* orwhatever */ = {
			isa = PBXNativeTarget;
			buildConfigurationList = 34E844B81790DA76006E9E40 /* Build configuration list for PBXNativeTarget "orwhatever" */;
			buildPhases = (
				34E8448E1790DA76006E9E40 /* Sources */,
				34E8448F1790DA76006E9E40 /* Frameworks */,
				34E844901790DA76006E9E40 /* Resources */,
			);
			buildRules = (
			);
			dependencies = (
			);
			name = orwhatever;
			productName = orwhatever;
			productReference = 34E844921790DA76006E9E40 /* orwhatever.app */;
			productType = "com.apple.product-type.application";
		};
/* End PBXNativeTarget section */

/* Begin PBXProject section */
		34E8448A1790DA76006E9E40 /* Project object */ = {
			isa = PBXProject;
			attributes = {
				LastUpgradeCheck = 0460;
				ORGANIZATIONNAME = MoversAndShakers.mobi;
			};
			buildConfigurationList = 34E8448D1790DA76006E9E40 /* Build configuration list for PBXProject "orwhatever" */;
			compatibilityVersion = "Xcode 3.2";
			developmentRegion = English;
			hasScannedForEncodings = 0;
			knownRegions = (
				en,
			);
			mainGroup = 34E844891790DA76006E9E40;
			productRefGroup = 34E844931790DA76006E9E40 /* Products */;
			projectDirPath = "";
			projectRoot = "";
			targets = (
				34E844911790DA76006E9E40 /* orwhatever */,
			);
		};
/* End PBXProject section */

/* Begin PBXResourcesBuildPhase section */
		34E844901790DA76006E9E40 /* Resources */ = {
			isa = PBXResourcesBuildPhase;
			buildActionMask = 2147483647;
			files = (
				34E844A01790DA76006E9E40 /* InfoPlist.strings in Resources */,
				34E844AC1790DA76006E9E40 /* Default-568h@2x.png in Resources */,
				34E844AF1790DA76006E9E40 /* MainStoryboard_iPhone.storyboard in Resources */,
				34E844B21790DA76006E9E40 /* MainStoryboard_iPad.storyboard in Resources */,
				34E844BE1791093B006E9E40 /* FacebookSDKResources.bundle in Resources */,
				34E844C017910978006E9E40 /* FBUserSettingsViewResources.bundle in Resources */,
				34E844D617919F19006E9E40 /* BoxNWhiskers.png in Resources */,
				34E844D81791E6D2006E9E40 /* whatever.png in Resources */,
				34E844DE17920DF2006E9E40 /* pick-facebook-friends.png in Resources */,
				34E844E017921065006E9E40 /* matchup.png in Resources */,
				34E844E2179210BB006E9E40 /* post-picture.png in Resources */,
				34E84503179211E7006E9E40 /* glyphicons_002_dog.png in Resources */,
				34E84504179211E7006E9E40 /* glyphicons_076_headphones.png in Resources */,
				34E84505179211E7006E9E40 /* glyphicons_250_snorkel_diving.png in Resources */,
				34E84506179211E7006E9E40 /* glyphicons_254_fishes.png in Resources */,
				34E84507179211E7006E9E40 /* glyphicons_272_cake.png in Resources */,
				34E84508179211E7006E9E40 /* glyphicons_306_bicycle.png in Resources */,
				34E84509179211E7006E9E40 /* glyphicons_343_thumbs_up.png in Resources */,
				34E8450A179211E7006E9E40 /* glyphicons_356_dumbbell.png in Resources */,
				34E8450B179211E7006E9E40 /* glyphicons_380_pinterest.png in Resources */,
				34E8450C179211E7006E9E40 /* glyphicons_388_tumblr.png in Resources */,
				34E8450D179211E7006E9E40 /* glyphicons_408_stumbleupon.png in Resources */,
				34E8450E179211E7006E9E40 /* glyphicons_410_facebook.png in Resources */,
				34E8450F179211E7006E9E40 /* glyphicons_411_twitter.png in Resources */,
				34E84510179211E7006E9E40 /* glyphicons_412_instagram.png in Resources */,
				34E84511179211E7006E9E40 /* glyphicons_418_skype.png in Resources */,
				34E84512179211E7006E9E40 /* glyphicons_419_e-mail.png in Resources */,
				34E84513179211E7006E9E40 /* 144-martini.png in Resources */,
				34E84514179211E7006E9E40 /* 96-book.png in Resources */,
				34E84515179211E7006E9E40 /* 98-palette.png in Resources */,
				34E84517179211E7006E9E40 /* 82-dog-paw.png in Resources */,
				34E84518179211E7006E9E40 /* 86-camera.png in Resources */,
				34E84519179211E7006E9E40 /* 63-runner.png in Resources */,
				34E8451A179211E7006E9E40 /* 65-note.png in Resources */,
				34E8451B179211E7006E9E40 /* 45-movie-1.png in Resources */,
				34E8451C179211E7006E9E40 /* 34-coffee.png in Resources */,
				34E8451D179211E7006E9E40 /* 29-heart.png in Resources */,
				34E8451E179211E7006E9E40 /* 130-dice.png in Resources */,
				34E8451F179211E7006E9E40 /* 116-controller.png in Resources */,
				34E84520179211E7006E9E40 /* 109-chicken.png in Resources */,
				34E84521179211E7006E9E40 /* 102-walk.png in Resources */,
				34E8452A17922080006E9E40 /* ok.png in Resources */,
				34E8452C17924ABD006E9E40 /* question_mark.png in Resources */,
				34E8452E179313A1006E9E40 /* daniel-gwendolyn-at-iosdevcamp-2013.png in Resources */,
				34E8453017931688006E9E40 /* iosdevcamp2913-logo.png in Resources */,
				34E84532179319F4006E9E40 /* orwhatever-app-icon-57.png in Resources */,
				34E84534179319FE006E9E40 /* orwhatever-app-icon.png in Resources */,
				34E8453617931B70006E9E40 /* Default-568h@2x.png in Resources */,
				34E8453B17931FBB006E9E40 /* Default.png in Resources */,
				34E8454217932DA4006E9E40 /* mands-96-logo.png in Resources */,
				34E8454617933923006E9E40 /* Default.png in Resources */,
				34E8454717933923006E9E40 /* Default@2x.png in Resources */,
			);
			runOnlyForDeploymentPostprocessing = 0;
		};
/* End PBXResourcesBuildPhase section */

/* Begin PBXSourcesBuildPhase section */
		34E8448E1790DA76006E9E40 /* Sources */ = {
			isa = PBXSourcesBuildPhase;
			buildActionMask = 2147483647;
			files = (
				34E844A21790DA76006E9E40 /* main.m in Sources */,
				34E844A61790DA76006E9E40 /* AppDelegate.m in Sources */,
				34E844B51790DA76006E9E40 /* ViewController.m in Sources */,
				34E8452417921245006E9E40 /* SelectMatchViewController.m in Sources */,
				34E8453E1793288F006E9E40 /* InfoViewController.m in Sources */,
				340DFB9A17A7269C00A0F07A /* UIViewExt.m in Sources */,
			);
			runOnlyForDeploymentPostprocessing = 0;
		};
/* End PBXSourcesBuildPhase section */

/* Begin PBXVariantGroup section */
		34E8449E1790DA76006E9E40 /* InfoPlist.strings */ = {
			isa = PBXVariantGroup;
			children = (
				34E8449F1790DA76006E9E40 /* en */,
			);
			name = InfoPlist.strings;
			sourceTree = "<group>";
		};
		34E844AD1790DA76006E9E40 /* MainStoryboard_iPhone.storyboard */ = {
			isa = PBXVariantGroup;
			children = (
				34E844AE1790DA76006E9E40 /* en */,
			);
			name = MainStoryboard_iPhone.storyboard;
			sourceTree = "<group>";
		};
		34E844B01790DA76006E9E40 /* MainStoryboard_iPad.storyboard */ = {
			isa = PBXVariantGroup;
			children = (
				34E844B11790DA76006E9E40 /* en */,
			);
			name = MainStoryboard_iPad.storyboard;
			sourceTree = "<group>";
		};
/* End PBXVariantGroup section */

/* Begin XCBuildConfiguration section */
		34E844B61790DA76006E9E40 /* Debug */ = {
			isa = XCBuildConfiguration;
			buildSettings = {
				ALWAYS_SEARCH_USER_PATHS = NO;
				CLANG_CXX_LANGUAGE_STANDARD = "gnu++0x";
				CLANG_CXX_LIBRARY = "libc++";
				CLANG_ENABLE_OBJC_ARC = YES;
				CLANG_WARN_CONSTANT_CONVERSION = YES;
				CLANG_WARN_EMPTY_BODY = YES;
				CLANG_WARN_ENUM_CONVERSION = YES;
				CLANG_WARN_INT_CONVERSION = YES;
				CLANG_WARN__DUPLICATE_METHOD_MATCH = YES;
				CODE_SIGN_IDENTITY = "iPhone Distribution: Jonathan Richards";
				"CODE_SIGN_IDENTITY[sdk=iphoneos*]" = "iPhone Developer";
				COPY_PHASE_STRIP = NO;
				GCC_C_LANGUAGE_STANDARD = gnu99;
				GCC_DYNAMIC_NO_PIC = NO;
				GCC_OPTIMIZATION_LEVEL = 0;
				GCC_PREPROCESSOR_DEFINITIONS = (
					"DEBUG=1",
					"$(inherited)",
				);
				GCC_SYMBOLS_PRIVATE_EXTERN = NO;
				GCC_WARN_ABOUT_RETURN_TYPE = YES;
				GCC_WARN_UNINITIALIZED_AUTOS = YES;
				GCC_WARN_UNUSED_VARIABLE = YES;
				IPHONEOS_DEPLOYMENT_TARGET = 6.1;
				ONLY_ACTIVE_ARCH = YES;
				PROVISIONING_PROFILE = "1E9C3184-A4D0-42A8-A764-2D59C3001F98";
				SDKROOT = iphoneos;
				TARGETED_DEVICE_FAMILY = "1,2";
			};
			name = Debug;
		};
		34E844B71790DA76006E9E40 /* Release */ = {
			isa = XCBuildConfiguration;
			buildSettings = {
				ALWAYS_SEARCH_USER_PATHS = NO;
				CLANG_CXX_LANGUAGE_STANDARD = "gnu++0x";
				CLANG_CXX_LIBRARY = "libc++";
				CLANG_ENABLE_OBJC_ARC = YES;
				CLANG_WARN_CONSTANT_CONVERSION = YES;
				CLANG_WARN_EMPTY_BODY = YES;
				CLANG_WARN_ENUM_CONVERSION = YES;
				CLANG_WARN_INT_CONVERSION = YES;
				CLANG_WARN__DUPLICATE_METHOD_MATCH = YES;
				CODE_SIGN_IDENTITY = "iPhone Distribution: Jonathan Richards";
				"CODE_SIGN_IDENTITY[sdk=iphoneos*]" = "iPhone Distribution: Jonathan Richards";
				COPY_PHASE_STRIP = YES;
				GCC_C_LANGUAGE_STANDARD = gnu99;
				GCC_WARN_ABOUT_RETURN_TYPE = YES;
				GCC_WARN_UNINITIALIZED_AUTOS = YES;
				GCC_WARN_UNUSED_VARIABLE = YES;
				IPHONEOS_DEPLOYMENT_TARGET = 6.1;
				OTHER_CFLAGS = "-DNS_BLOCK_ASSERTIONS=1";
				PROVISIONING_PROFILE = "1E9C3184-A4D0-42A8-A764-2D59C3001F98";
				"PROVISIONING_PROFILE[sdk=iphoneos*]" = "1E9C3184-A4D0-42A8-A764-2D59C3001F98";
				SDKROOT = iphoneos;
				TARGETED_DEVICE_FAMILY = "1,2";
				VALIDATE_PRODUCT = YES;
			};
			name = Release;
		};
		34E844B91790DA76006E9E40 /* Debug */ = {
			isa = XCBuildConfiguration;
			buildSettings = {
				CODE_SIGN_IDENTITY = "iPhone Developer";
				FRAMEWORK_SEARCH_PATHS = (
					"$(inherited)",
					"\"$(SRCROOT)/../../../Documents/FacebookSDK\"",
				);
				GCC_PRECOMPILE_PREFIX_HEADER = YES;
				GCC_PREFIX_HEADER = "orwhatever/orwhatever-Prefix.pch";
				INFOPLIST_FILE = "orwhatever/orwhatever-Info.plist";
				IPHONEOS_DEPLOYMENT_TARGET = 6.0;
				PRODUCT_NAME = "$(TARGET_NAME)";
				PROVISIONING_PROFILE = "";
				TARGETED_DEVICE_FAMILY = 1;
				WRAPPER_EXTENSION = app;
			};
			name = Debug;
		};
		34E844BA1790DA76006E9E40 /* Release */ = {
			isa = XCBuildConfiguration;
			buildSettings = {
				CODE_SIGN_IDENTITY = "iPhone Developer";
				"CODE_SIGN_IDENTITY[sdk=iphoneos*]" = "iPhone Developer";
				FRAMEWORK_SEARCH_PATHS = (
					"$(inherited)",
					"\"$(SRCROOT)/../../../Documents/FacebookSDK\"",
				);
				GCC_PRECOMPILE_PREFIX_HEADER = YES;
				GCC_PREFIX_HEADER = "orwhatever/orwhatever-Prefix.pch";
				INFOPLIST_FILE = "orwhatever/orwhatever-Info.plist";
				IPHONEOS_DEPLOYMENT_TARGET = 6.0;
				PRODUCT_NAME = "$(TARGET_NAME)";
				PROVISIONING_PROFILE = "";
				"PROVISIONING_PROFILE[sdk=iphoneos*]" = "";
				TARGETED_DEVICE_FAMILY = 1;
				WRAPPER_EXTENSION = app;
			};
			name = Release;
		};
/* End XCBuildConfiguration section */

/* Begin XCConfigurationList section */
		34E8448D1790DA76006E9E40 /* Build configuration list for PBXProject "orwhatever" */ = {
			isa = XCConfigurationList;
			buildConfigurations = (
				34E844B61790DA76006E9E40 /* Debug */,
				34E844B71790DA76006E9E40 /* Release */,
			);
			defaultConfigurationIsVisible = 0;
			defaultConfigurationName = Release;
		};
		34E844B81790DA76006E9E40 /* Build configuration list for PBXNativeTarget "orwhatever" */ = {
			isa = XCConfigurationList;
			buildConfigurations = (
				34E844B91790DA76006E9E40 /* Debug */,
				34E844BA1790DA76006E9E40 /* Release */,
			);
			defaultConfigurationIsVisible = 0;
			defaultConfigurationName = Release;
		};
/* End XCConfigurationList section */
	};
	rootObject = 34E8448A1790DA76006E9E40 /* Project object */;
}
